<?xml version="1.0" encoding="UTF-8" standalone="yes" ?>
<CodeBlocks_project_file>
	<FileVersion major="1" minor="6" />
	<Project>
		<Option title="OSDevV2" />
		<Option pch_mode="2" />
		<Option compiler="llvm_clang_compiler_osdev" />
		<Option extended_obj_names="1" />
		<Build>
			<Target title="KernelDebug">
				<Option output="bin/Debug/kernel.bin" prefix_auto="1" extension_auto="0" />
				<Option object_output="obj/Debug/" />
				<Option type="1" />
				<Option compiler="llvm_clang_compiler_osdev" />
				<Option use_console_runner="0" />
				<Compiler>
					<Add option="-g" />
					<Add option="-DDEBUG" />
					<Add directory="include" />
				</Compiler>
			</Target>
			<Target title="KernelRelease">
				<Option output="bin/Release/kernel.bin" prefix_auto="1" extension_auto="0" />
				<Option object_output="obj/Release/" />
				<Option type="1" />
				<Option compiler="llvm_clang_compiler_osdev" />
				<Option use_console_runner="0" />
				<Compiler>
					<Add option="-O2" />
					<Add option="-DNDEBUG" />
					<Add directory="include" />
				</Compiler>
				<Linker>
					<Add option="-s" />
				</Linker>
			</Target>
		</Build>
		<VirtualTargets>
			<Add alias="All" targets="KernelDebug;KernelRelease;" />
		</VirtualTargets>
		<Compiler>
			<Add option="-Wall" />
			<Add option="-std=c11" />
			<Add option="-std=c++17" />
			<Add option="--target=i686-pc-none-elf -march=i686 -ffreestanding -fno-builtin -nostdlib -nostdinc -nostdinc++ -fno-rtti -fno-exceptions -Werror=implicit-function-declaration -Werror=return-type" />
		</Compiler>
		<Linker>
			<Add option="-T linker.ld" />
			<Add option="-lclang_builtins_i386" />
			<Add directory="lib" />
		</Linker>
		<Unit filename="include/arch/x86.h" />
		<Unit filename="include/drivers/keyboard/ps2/keyboard.h" />
		<Unit filename="include/drivers/keyboard/ps2/keycodes.h" />
		<Unit filename="include/extern/multiboot.h" />
		<Unit filename="include/klib.h" />
		<Unit filename="include/kshell/kshell.h" />
		<Unit filename="include/liballoc.h" />
		<Unit filename="include/mem.h" />
		<Unit filename="include/new.h" />
		<Unit filename="include/print.h" />
		<Unit filename="include/screen.h" />
		<Unit filename="include/stdc/assert.h" />
		<Unit filename="include/stdc/errno.h" />
		<Unit filename="include/stdc/inttypes.h" />
		<Unit filename="include/stdc/math.h" />
		<Unit filename="include/stdc/setjmp.h" />
		<Unit filename="include/stdc/stdarg.h" />
		<Unit filename="include/stdc/stdatomic.h" />
		<Unit filename="include/stdc/stddef.h" />
		<Unit filename="include/stdc/stdint.h" />
		<Unit filename="include/stdc/stdio.h" />
		<Unit filename="include/stdc/stdlib.h" />
		<Unit filename="include/stdc/string.h" />
		<Unit filename="include/tdraw.h" />
		<Unit filename="include/util.h" />
		<Unit filename="include/util/hash_table.h" />
		<Unit filename="include/util/shared_ptr.h" />
		<Unit filename="include/util/spinlock.h" />
		<Unit filename="include/util/tmp.h" />
		<Unit filename="include/util/vector.h" />
		<Unit filename="linker.ld" />
		<Unit filename="src/arch/x86/boot.asm">
			<Option link="0" />
			<Option compiler="llvm_clang_compiler_osdev" use="1" buildCommand="nasm $file -f elf -o obj/boot.o" />
		</Unit>
		<Unit filename="src/arch/x86/cpuid.asm">
			<Option compiler="llvm_clang_compiler_osdev" use="1" buildCommand="nasm $file -f elf -o $object" />
		</Unit>
		<Unit filename="src/arch/x86/cpuid.cpp" />
		<Unit filename="src/arch/x86/crti.asm">
			<Option link="0" />
			<Option compiler="llvm_clang_compiler_osdev" use="1" buildCommand="nasm $file -f elf -o obj/crti.o" />
		</Unit>
		<Unit filename="src/arch/x86/crtn.asm">
			<Option link="0" />
			<Option compiler="llvm_clang_compiler_osdev" use="1" buildCommand="nasm $file -f elf -o obj/crtn.o" />
		</Unit>
		<Unit filename="src/arch/x86/drivers/keyboard/ps2/keyboard.cpp" />
		<Unit filename="src/arch/x86/drivers/keyboard/ps2/layout.cpp" />
		<Unit filename="src/arch/x86/gdt.asm">
			<Option compiler="llvm_clang_compiler_osdev" use="1" buildCommand="nasm $file -f elf -o $object" />
		</Unit>
		<Unit filename="src/arch/x86/gdt.cpp" />
		<Unit filename="src/arch/x86/idt.asm">
			<Option compiler="llvm_clang_compiler_osdev" use="1" buildCommand="nasm $file -f elf -o $object" />
		</Unit>
		<Unit filename="src/arch/x86/idt.cpp" />
		<Unit filename="src/arch/x86/paging.asm">
			<Option compiler="llvm_clang_compiler_osdev" use="1" buildCommand="nasm $file -f elf -o $object" />
		</Unit>
		<Unit filename="src/arch/x86/paging.cpp" />
		<Unit filename="src/arch/x86/spinlock.cpp" />
		<Unit filename="src/arch/x86/x86.cpp" />
		<Unit filename="src/arch/x86/x86_mem.cpp" />
		<Unit filename="src/arch/x86/x86_screen.cpp" />
		<Unit filename="src/klib.cpp" />
		<Unit filename="src/kshell/kshell.cpp" />
		<Unit filename="src/liballoc.c">
			<Option compilerVar="CC" />
		</Unit>
		<Unit filename="src/main.cpp" />
		<Unit filename="src/new.cpp" />
		<Unit filename="src/print.cpp" />
		<Unit filename="src/tdraw.cpp" />
		<Extensions>
			<code_completion />
			<envvars />
			<debugger />
		</Extensions>
	</Project>
</CodeBlocks_project_file>
